// !$*UTF8*$!
{
	archiveVersion = 1;
	classes = {
	};
	objectVersion = 55;
	objects = {

/* Begin PBXBuildFile section */
		3E6628F728C10B41007D055F /* AppDelegate.swift in Sources */ = {isa = PBXBuildFile; fileRef = 3E6628F628C10B41007D055F /* AppDelegate.swift */; };
		3E6628F928C10B41007D055F /* SceneDelegate.swift in Sources */ = {isa = PBXBuildFile; fileRef = 3E6628F828C10B41007D055F /* SceneDelegate.swift */; };
		3E6628FB28C10B41007D055F /* ViewController.swift in Sources */ = {isa = PBXBuildFile; fileRef = 3E6628FA28C10B41007D055F /* ViewController.swift */; };
		3E6628FE28C10B41007D055F /* Main.storyboard in Resources */ = {isa = PBXBuildFile; fileRef = 3E6628FC28C10B41007D055F /* Main.storyboard */; };
		3E66290028C10B43007D055F /* Assets.xcassets in Resources */ = {isa = PBXBuildFile; fileRef = 3E6628FF28C10B43007D055F /* Assets.xcassets */; };
		3E66290328C10B43007D055F /* LaunchScreen.storyboard in Resources */ = {isa = PBXBuildFile; fileRef = 3E66290128C10B43007D055F /* LaunchScreen.storyboard */; };
		3E66290E28C10B43007D055F /* __9_labTests.swift in Sources */ = {isa = PBXBuildFile; fileRef = 3E66290D28C10B43007D055F /* __9_labTests.swift */; };
		3E66291828C10B43007D055F /* __9_labUITests.swift in Sources */ = {isa = PBXBuildFile; fileRef = 3E66291728C10B43007D055F /* __9_labUITests.swift */; };
		3E66291A28C10B43007D055F /* __9_labUITestsLaunchTests.swift in Sources */ = {isa = PBXBuildFile; fileRef = 3E66291928C10B43007D055F /* __9_labUITestsLaunchTests.swift */; };
/* End PBXBuildFile section */

/* Begin PBXContainerItemProxy section */
		3E66290A28C10B43007D055F /* PBXContainerItemProxy */ = {
			isa = PBXContainerItemProxy;
			containerPortal = 3E6628EB28C10B41007D055F /* Project object */;
			proxyType = 1;
			remoteGlobalIDString = 3E6628F228C10B41007D055F;
			remoteInfo = "2.9 lab";
		};
		3E66291428C10B43007D055F /* PBXContainerItemProxy */ = {
			isa = PBXContainerItemProxy;
			containerPortal = 3E6628EB28C10B41007D055F /* Project object */;
			proxyType = 1;
			remoteGlobalIDString = 3E6628F228C10B41007D055F;
			remoteInfo = "2.9 lab";
		};
/* End PBXContainerItemProxy section */

/* Begin PBXFileReference section */
		3E6628F328C10B41007D055F /* 2.9 lab.app */ = {isa = PBXFileReference; explicitFileType = wrapper.application; includeInIndex = 0; path = "2.9 lab.app"; sourceTree = BUILT_PRODUCTS_DIR; };
		3E6628F628C10B41007D055F /* AppDelegate.swift */ = {isa = PBXFileReference; lastKnownFileType = sourcecode.swift; path = AppDelegate.swift; sourceTree = "<group>"; };
		3E6628F828C10B41007D055F /* SceneDelegate.swift */ = {isa = PBXFileReference; lastKnownFileType = sourcecode.swift; path = SceneDelegate.swift; sourceTree = "<group>"; };
		3E6628FA28C10B41007D055F /* ViewController.swift */ = {isa = PBXFileReference; lastKnownFileType = sourcecode.swift; path = ViewController.swift; sourceTree = "<group>"; };
		3E6628FD28C10B41007D055F /* Base */ = {isa = PBXFileReference; lastKnownFileType = file.storyboard; name = Base; path = Base.lproj/Main.storyboard; sourceTree = "<group>"; };
		3E6628FF28C10B43007D055F /* Assets.xcassets */ = {isa = PBXFileReference; lastKnownFileType = folder.assetcatalog; path = Assets.xcassets; sourceTree = "<group>"; };
		3E66290228C10B43007D055F /* Base */ = {isa = PBXFileReference; lastKnownFileType = file.storyboard; name = Base; path = Base.lproj/LaunchScreen.storyboard; sourceTree = "<group>"; };
		3E66290428C10B43007D055F /* Info.plist */ = {isa = PBXFileReference; lastKnownFileType = text.plist.xml; path = Info.plist; sourceTree = "<group>"; };
		3E66290928C10B43007D055F /* 2.9 labTests.xctest */ = {isa = PBXFileReference; explicitFileType = wrapper.cfbundle; includeInIndex = 0; path = "2.9 labTests.xctest"; sourceTree = BUILT_PRODUCTS_DIR; };
		3E66290D28C10B43007D055F /* __9_labTests.swift */ = {isa = PBXFileReference; lastKnownFileType = sourcecode.swift; path = __9_labTests.swift; sourceTree = "<group>"; };
		3E66291328C10B43007D055F /* 2.9 labUITests.xctest */ = {isa = PBXFileReference; explicitFileType = wrapper.cfbundle; includeInIndex = 0; path = "2.9 labUITests.xctest"; sourceTree = BUILT_PRODUCTS_DIR; };
		3E66291728C10B43007D055F /* __9_labUITests.swift */ = {isa = PBXFileReference; lastKnownFileType = sourcecode.swift; path = __9_labUITests.swift; sourceTree = "<group>"; };
		3E66291928C10B43007D055F /* __9_labUITestsLaunchTests.swift */ = {isa = PBXFileReference; lastKnownFileType = sourcecode.swift; path = __9_labUITestsLaunchTests.swift; sourceTree = "<group>"; };
/* End PBXFileReference section */

/* Begin PBXFrameworksBuildPhase section */
		3E6628F028C10B41007D055F /* Frameworks */ = {
			isa = PBXFrameworksBuildPhase;
			buildActionMask = 2147483647;
			files = (
			);
			runOnlyForDeploymentPostprocessing = 0;
		};
		3E66290628C10B43007D055F /* Frameworks */ = {
			isa = PBXFrameworksBuildPhase;
			buildActionMask = 2147483647;
			files = (
			);
			runOnlyForDeploymentPostprocessing = 0;
		};
		3E66291028C10B43007D055F /* Frameworks */ = {
			isa = PBXFrameworksBuildPhase;
			buildActionMask = 2147483647;
			files = (
			);
			runOnlyForDeploymentPostprocessing = 0;
		};
/* End PBXFrameworksBuildPhase section */

/* Begin PBXGroup section */
		3E6628EA28C10B41007D055F = {
			isa = PBXGroup;
			children = (
				3E6628F528C10B41007D055F /* 2.9 lab */,
				3E66290C28C10B43007D055F /* 2.9 labTests */,
				3E66291628C10B43007D055F /* 2.9 labUITests */,
				3E6628F428C10B41007D055F /* Products */,
			);
			sourceTree = "<group>";
		};
		3E6628F428C10B41007D055F /* Products */ = {
			isa = PBXGroup;
			children = (
				3E6628F328C10B41007D055F /* 2.9 lab.app */,
				3E66290928C10B43007D055F /* 2.9 labTests.xctest */,
				3E66291328C10B43007D055F /* 2.9 labUITests.xctest */,
			);
			name = Products;
			sourceTree = "<group>";
		};
		3E6628F528C10B41007D055F /* 2.9 lab */ = {
			isa = PBXGroup;
			children = (
				3E6628F628C10B41007D055F /* AppDelegate.swift */,
				3E6628F828C10B41007D055F /* SceneDelegate.swift */,
				3E6628FA28C10B41007D055F /* ViewController.swift */,
				3E6628FF28C10B43007D055F /* Assets.xcassets */,
				3E6628FC28C10B41007D055F /* Main.storyboard */,
				3E66290128C10B43007D055F /* LaunchScreen.storyboard */,
				3E66290428C10B43007D055F /* Info.plist */,
			);
			path = "2.9 lab";
			sourceTree = "<group>";
		};
		3E66290C28C10B43007D055F /* 2.9 labTests */ = {
			isa = PBXGroup;
			children = (
				3E66290D28C10B43007D055F /* __9_labTests.swift */,
			);
			path = "2.9 labTests";
			sourceTree = "<group>";
		};
		3E66291628C10B43007D055F /* 2.9 labUITests */ = {
			isa = PBXGroup;
			children = (
				3E66291728C10B43007D055F /* __9_labUITests.swift */,
				3E66291928C10B43007D055F /* __9_labUITestsLaunchTests.swift */,
			);
			path = "2.9 labUITests";
			sourceTree = "<group>";
		};
/* End PBXGroup section */

/* Begin PBXNativeTarget section */
		3E6628F228C10B41007D055F /* 2.9 lab */ = {
			isa = PBXNativeTarget;
			buildConfigurationList = 3E66291D28C10B43007D055F /* Build configuration list for PBXNativeTarget "2.9 lab" */;
			buildPhases = (
				3E6628EF28C10B41007D055F /* Sources */,
				3E6628F028C10B41007D055F /* Frameworks */,
				3E6628F128C10B41007D055F /* Resources */,
			);
			buildRules = (
			);
			dependencies = (
			);
			name = "2.9 lab";
			productName = "2.9 lab";
			productReference = 3E6628F328C10B41007D055F /* 2.9 lab.app */;
			productType = "com.apple.product-type.application";
		};
		3E66290828C10B43007D055F /* 2.9 labTests */ = {
			isa = PBXNativeTarget;
			buildConfigurationList = 3E66292028C10B43007D055F /* Build configuration list for PBXNativeTarget "2.9 labTests" */;
			buildPhases = (
				3E66290528C10B43007D055F /* Sources */,
				3E66290628C10B43007D055F /* Frameworks */,
				3E66290728C10B43007D055F /* Resources */,
			);
			buildRules = (
			);
			dependencies = (
				3E66290B28C10B43007D055F /* PBXTargetDependency */,
			);
			name = "2.9 labTests";
			productName = "2.9 labTests";
			productReference = 3E66290928C10B43007D055F /* 2.9 labTests.xctest */;
			productType = "com.apple.product-type.bundle.unit-test";
		};
		3E66291228C10B43007D055F /* 2.9 labUITests */ = {
			isa = PBXNativeTarget;
			buildConfigurationList = 3E66292328C10B43007D055F /* Build configuration list for PBXNativeTarget "2.9 labUITests" */;
			buildPhases = (
				3E66290F28C10B43007D055F /* Sources */,
				3E66291028C10B43007D055F /* Frameworks */,
				3E66291128C10B43007D055F /* Resources */,
			);
			buildRules = (
			);
			dependencies = (
				3E66291528C10B43007D055F /* PBXTargetDependency */,
			);
			name = "2.9 labUITests";
			productName = "2.9 labUITests";
			productReference = 3E66291328C10B43007D055F /* 2.9 labUITests.xctest */;
			productType = "com.apple.product-type.bundle.ui-testing";
		};
/* End PBXNativeTarget section */

/* Begin PBXProject section */
		3E6628EB28C10B41007D055F /* Project object */ = {
			isa = PBXProject;
			attributes = {
				BuildIndependentTargetsInParallel = 1;
				LastSwiftUpdateCheck = 1340;
				LastUpgradeCheck = 1340;
				TargetAttributes = {
					3E6628F228C10B41007D055F = {
						CreatedOnToolsVersion = 13.4.1;
					};
					3E66290828C10B43007D055F = {
						CreatedOnToolsVersion = 13.4.1;
						TestTargetID = 3E6628F228C10B41007D055F;
					};
					3E66291228C10B43007D055F = {
						CreatedOnToolsVersion = 13.4.1;
						TestTargetID = 3E6628F228C10B41007D055F;
					};
				};
			};
			buildConfigurationList = 3E6628EE28C10B41007D055F /* Build configuration list for PBXProject "2.9 lab" */;
			compatibilityVersion = "Xcode 13.0";
			developmentRegion = en;
			hasScannedForEncodings = 0;
			knownRegions = (
				en,
				Base,
			);
			mainGroup = 3E6628EA28C10B41007D055F;
			productRefGroup = 3E6628F428C10B41007D055F /* Products */;
			projectDirPath = "";
			projectRoot = "";
			targets = (
				3E6628F228C10B41007D055F /* 2.9 lab */,
				3E66290828C10B43007D055F /* 2.9 labTests */,
				3E66291228C10B43007D055F /* 2.9 labUITests */,
			);
		};
/* End PBXProject section */

/* Begin PBXResourcesBuildPhase section */
		3E6628F128C10B41007D055F /* Resources */ = {
			isa = PBXResourcesBuildPhase;
			buildActionMask = 2147483647;
			files = (
				3E66290328C10B43007D055F /* LaunchScreen.storyboard in Resources */,
				3E66290028C10B43007D055F /* Assets.xcassets in Resources */,
				3E6628FE28C10B41007D055F /* Main.storyboard in Resources */,
			);
			runOnlyForDeploymentPostprocessing = 0;
		};
		3E66290728C10B43007D055F /* Resources */ = {
			isa = PBXResourcesBuildPhase;
			buildActionMask = 2147483647;
			files = (
			);
			runOnlyForDeploymentPostprocessing = 0;
		};
		3E66291128C10B43007D055F /* Resources */ = {
			isa = PBXResourcesBuildPhase;
			buildActionMask = 2147483647;
			files = (
			);
			runOnlyForDeploymentPostprocessing = 0;
		};
/* End PBXResourcesBuildPhase section */

/* Begin PBXSourcesBuildPhase section */
		3E6628EF28C10B41007D055F /* Sources */ = {
			isa = PBXSourcesBuildPhase;
			buildActionMask = 2147483647;
			files = (
				3E6628FB28C10B41007D055F /* ViewController.swift in Sources */,
				3E6628F728C10B41007D055F /* AppDelegate.swift in Sources */,
				3E6628F928C10B41007D055F /* SceneDelegate.swift in Sources */,
			);
			runOnlyForDeploymentPostprocessing = 0;
		};
		3E66290528C10B43007D055F /* Sources */ = {
			isa = PBXSourcesBuildPhase;
			buildActionMask = 2147483647;
			files = (
				3E66290E28C10B43007D055F /* __9_labTests.swift in Sources */,
			);
			runOnlyForDeploymentPostprocessing = 0;
		};
		3E66290F28C10B43007D055F /* Sources */ = {
			isa = PBXSourcesBuildPhase;
			buildActionMask = 2147483647;
			files = (
				3E66291A28C10B43007D055F /* __9_labUITestsLaunchTests.swift in Sources */,
				3E66291828C10B43007D055F /* __9_labUITests.swift in Sources */,
			);
			runOnlyForDeploymentPostprocessing = 0;
		};
/* End PBXSourcesBuildPhase section */

/* Begin PBXTargetDependency section */
		3E66290B28C10B43007D055F /* PBXTargetDependency */ = {
			isa = PBXTargetDependency;
			target = 3E6628F228C10B41007D055F /* 2.9 lab */;
			targetProxy = 3E66290A28C10B43007D055F /* PBXContainerItemProxy */;
		};
		3E66291528C10B43007D055F /* PBXTargetDependency */ = {
			isa = PBXTargetDependency;
			target = 3E6628F228C10B41007D055F /* 2.9 lab */;
			targetProxy = 3E66291428C10B43007D055F /* PBXContainerItemProxy */;
		};
/* End PBXTargetDependency section */

/* Begin PBXVariantGroup section */
		3E6628FC28C10B41007D055F /* Main.storyboard */ = {
			isa = PBXVariantGroup;
			children = (
				3E6628FD28C10B41007D055F /* Base */,
			);
			name = Main.storyboard;
			sourceTree = "<group>";
		};
		3E66290128C10B43007D055F /* LaunchScreen.storyboard */ = {
			isa = PBXVariantGroup;
			children = (
				3E66290228C10B43007D055F /* Base */,
			);
			name = LaunchScreen.storyboard;
			sourceTree = "<group>";
		};
/* End PBXVariantGroup section */

/* Begin XCBuildConfiguration section */
		3E66291B28C10B43007D055F /* Debug */ = {
			isa = XCBuildConfiguration;
			buildSettings = {
				ALWAYS_SEARCH_USER_PATHS = NO;
				CLANG_ANALYZER_NONNULL = YES;
				CLANG_ANALYZER_NUMBER_OBJECT_CONVERSION = YES_AGGRESSIVE;
				CLANG_CXX_LANGUAGE_STANDARD = "gnu++17";
				CLANG_ENABLE_MODULES = YES;
				CLANG_ENABLE_OBJC_ARC = YES;
				CLANG_ENABLE_OBJC_WEAK = YES;
				CLANG_WARN_BLOCK_CAPTURE_AUTORELEASING = YES;
				CLANG_WARN_BOOL_CONVERSION = YES;
				CLANG_WARN_COMMA = YES;
				CLANG_WARN_CONSTANT_CONVERSION = YES;
				CLANG_WARN_DEPRECATED_OBJC_IMPLEMENTATIONS = YES;
				CLANG_WARN_DIRECT_OBJC_ISA_USAGE = YES_ERROR;
				CLANG_WARN_DOCUMENTATION_COMMENTS = YES;
				CLANG_WARN_EMPTY_BODY = YES;
				CLANG_WARN_ENUM_CONVERSION = YES;
				CLANG_WARN_INFINITE_RECURSION = YES;
				CLANG_WARN_INT_CONVERSION = YES;
				CLANG_WARN_NON_LITERAL_NULL_CONVERSION = YES;
				CLANG_WARN_OBJC_IMPLICIT_RETAIN_SELF = YES;
				CLANG_WARN_OBJC_LITERAL_CONVERSION = YES;
				CLANG_WARN_OBJC_ROOT_CLASS = YES_ERROR;
				CLANG_WARN_QUOTED_INCLUDE_IN_FRAMEWORK_HEADER = YES;
				CLANG_WARN_RANGE_LOOP_ANALYSIS = YES;
				CLANG_WARN_STRICT_PROTOTYPES = YES;
				CLANG_WARN_SUSPICIOUS_MOVE = YES;
				CLANG_WARN_UNGUARDED_AVAILABILITY = YES_AGGRESSIVE;
				CLANG_WARN_UNREACHABLE_CODE = YES;
				CLANG_WARN__DUPLICATE_METHOD_MATCH = YES;
				COPY_PHASE_STRIP = NO;
				DEBUG_INFORMATION_FORMAT = dwarf;
				ENABLE_STRICT_OBJC_MSGSEND = YES;
				ENABLE_TESTABILITY = YES;
				GCC_C_LANGUAGE_STANDARD = gnu11;
				GCC_DYNAMIC_NO_PIC = NO;
				GCC_NO_COMMON_BLOCKS = YES;
				GCC_OPTIMIZATION_LEVEL = 0;
				GCC_PREPROCESSOR_DEFINITIONS = (
					"DEBUG=1",
					"$(inherited)",
				);
				GCC_WARN_64_TO_32_BIT_CONVERSION = YES;
				GCC_WARN_ABOUT_RETURN_TYPE = YES_ERROR;
				GCC_WARN_UNDECLARED_SELECTOR = YES;
				GCC_WARN_UNINITIALIZED_AUTOS = YES_AGGRESSIVE;
				GCC_WARN_UNUSED_FUNCTION = YES;
				GCC_WARN_UNUSED_VARIABLE = YES;
				IPHONEOS_DEPLOYMENT_TARGET = 15.5;
				MTL_ENABLE_DEBUG_INFO = INCLUDE_SOURCE;
				MTL_FAST_MATH = YES;
				ONLY_ACTIVE_ARCH = YES;
				SDKROOT = iphoneos;
				SWIFT_ACTIVE_COMPILATION_CONDITIONS = DEBUG;
				SWIFT_OPTIMIZATION_LEVEL = "-Onone";
			};
			name = Debug;
		};
		3E66291C28C10B43007D055F /* Release */ = {
			isa = XCBuildConfiguration;
			buildSettings = {
				ALWAYS_SEARCH_USER_PATHS = NO;
				CLANG_ANALYZER_NONNULL = YES;
				CLANG_ANALYZER_NUMBER_OBJECT_CONVERSION = YES_AGGRESSIVE;
				CLANG_CXX_LANGUAGE_STANDARD = "gnu++17";
				CLANG_ENABLE_MODULES = YES;
				CLANG_ENABLE_OBJC_ARC = YES;
				CLANG_ENABLE_OBJC_WEAK = YES;
				CLANG_WARN_BLOCK_CAPTURE_AUTORELEASING = YES;
				CLANG_WARN_BOOL_CONVERSION = YES;
				CLANG_WARN_COMMA = YES;
				CLANG_WARN_CONSTANT_CONVERSION = YES;
				CLANG_WARN_DEPRECATED_OBJC_IMPLEMENTATIONS = YES;
				CLANG_WARN_DIRECT_OBJC_ISA_USAGE = YES_ERROR;
				CLANG_WARN_DOCUMENTATION_COMMENTS = YES;
				CLANG_WARN_EMPTY_BODY = YES;
				CLANG_WARN_ENUM_CONVERSION = YES;
				CLANG_WARN_INFINITE_RECURSION = YES;
				CLANG_WARN_INT_CONVERSION = YES;
				CLANG_WARN_NON_LITERAL_NULL_CONVERSION = YES;
				CLANG_WARN_OBJC_IMPLICIT_RETAIN_SELF = YES;
				CLANG_WARN_OBJC_LITERAL_CONVERSION = YES;
				CLANG_WARN_OBJC_ROOT_CLASS = YES_ERROR;
				CLANG_WARN_QUOTED_INCLUDE_IN_FRAMEWORK_HEADER = YES;
				CLANG_WARN_RANGE_LOOP_ANALYSIS = YES;
				CLANG_WARN_STRICT_PROTOTYPES = YES;
				CLANG_WARN_SUSPICIOUS_MOVE = YES;
				CLANG_WARN_UNGUARDED_AVAILABILITY = YES_AGGRESSIVE;
				CLANG_WARN_UNREACHABLE_CODE = YES;
				CLANG_WARN__DUPLICATE_METHOD_MATCH = YES;
				COPY_PHASE_STRIP = NO;
				DEBUG_INFORMATION_FORMAT = "dwarf-with-dsym";
				ENABLE_NS_ASSERTIONS = NO;
				ENABLE_STRICT_OBJC_MSGSEND = YES;
				GCC_C_LANGUAGE_STANDARD = gnu11;
				GCC_NO_COMMON_BLOCKS = YES;
				GCC_WARN_64_TO_32_BIT_CONVERSION = YES;
				GCC_WARN_ABOUT_RETURN_TYPE = YES_ERROR;
				GCC_WARN_UNDECLARED_SELECTOR = YES;
				GCC_WARN_UNINITIALIZED_AUTOS = YES_AGGRESSIVE;
				GCC_WARN_UNUSED_FUNCTION = YES;
				GCC_WARN_UNUSED_VARIABLE = YES;
				IPHONEOS_DEPLOYMENT_TARGET = 15.5;
				MTL_ENABLE_DEBUG_INFO = NO;
				MTL_FAST_MATH = YES;
				SDKROOT = iphoneos;
				SWIFT_COMPILATION_MODE = wholemodule;
				SWIFT_OPTIMIZATION_LEVEL = "-O";
				VALIDATE_PRODUCT = YES;
			};
			name = Release;
		};
		3E66291E28C10B43007D055F /* Debug */ = {
			isa = XCBuildConfiguration;
			buildSettings = {
				ASSETCATALOG_COMPILER_APPICON_NAME = AppIcon;
				ASSETCATALOG_COMPILER_GLOBAL_ACCENT_COLOR_NAME = AccentColor;
				CODE_SIGN_STYLE = Automatic;
				CURRENT_PROJECT_VERSION = 1;
				GENERATE_INFOPLIST_FILE = YES;
				INFOPLIST_FILE = "2.9 lab/Info.plist";
				INFOPLIST_KEY_UIApplicationSupportsIndirectInputEvents = YES;
				INFOPLIST_KEY_UILaunchStoryboardName = LaunchScreen;
				INFOPLIST_KEY_UIMainStoryboardFile = Main;
				INFOPLIST_KEY_UISupportedInterfaceOrientations_iPad = "UIInterfaceOrientationPortrait UIInterfaceOrientationPortraitUpsideDown UIInterfaceOrientationLandscapeLeft UIInterfaceOrientationLandscapeRight";
				INFOPLIST_KEY_UISupportedInterfaceOrientations_iPhone = "UIInterfaceOrientationPortrait UIInterfaceOrientationLandscapeLeft UIInterfaceOrientationLandscapeRight";
				LD_RUNPATH_SEARCH_PATHS = (
					"$(inherited)",
					"@executable_path/Frameworks",
				);
				MARKETING_VERSION = 1.0;
				PRODUCT_BUNDLE_IDENTIFIER = "test.--9-lab";
				PRODUCT_NAME = "$(TARGET_NAME)";
				SWIFT_EMIT_LOC_STRINGS = YES;
				SWIFT_VERSION = 5.0;
				TARGETED_DEVICE_FAMILY = "1,2";
			};
			name = Debug;
		};
		3E66291F28C10B43007D055F /* Release */ = {
			isa = XCBuildConfiguration;
			buildSettings = {
				ASSETCATALOG_COMPILER_APPICON_NAME = AppIcon;
				ASSETCATALOG_COMPILER_GLOBAL_ACCENT_COLOR_NAME = AccentColor;
				CODE_SIGN_STYLE = Automatic;
				CURRENT_PROJECT_VERSION = 1;
				GENERATE_INFOPLIST_FILE = YES;
				INFOPLIST_FILE = "2.9 lab/Info.plist";
				INFOPLIST_KEY_UIApplicationSupportsIndirectInputEvents = YES;
				INFOPLIST_KEY_UILaunchStoryboardName = LaunchScreen;
				INFOPLIST_KEY_UIMainStoryboardFile = Main;
				INFOPLIST_KEY_UISupportedInterfaceOrientations_iPad = "UIInterfaceOrientationPortrait UIInterfaceOrientationPortraitUpsideDown UIInterfaceOrientationLandscapeLeft UIInterfaceOrientationLandscapeRight";
				INFOPLIST_KEY_UISupportedInterfaceOrientations_iPhone = "UIInterfaceOrientationPortrait UIInterfaceOrientationLandscapeLeft UIInterfaceOrientationLandscapeRight";
				LD_RUNPATH_SEARCH_PATHS = (
					"$(inherited)",
					"@executable_path/Frameworks",
				);
				MARKETING_VERSION = 1.0;
				PRODUCT_BUNDLE_IDENTIFIER = "test.--9-lab";
				PRODUCT_NAME = "$(TARGET_NAME)";
				SWIFT_EMIT_LOC_STRINGS = YES;
				SWIFT_VERSION = 5.0;
				TARGETED_DEVICE_FAMILY = "1,2";
			};
			name = Release;
		};
		3E66292128C10B43007D055F /* Debug */ = {
			isa = XCBuildConfiguration;
			buildSettings = {
				ALWAYS_EMBED_SWIFT_STANDARD_LIBRARIES = YES;
				BUNDLE_LOADER = "$(TEST_HOST)";
				CODE_SIGN_STYLE = Automatic;
				CURRENT_PROJECT_VERSION = 1;
				GENERATE_INFOPLIST_FILE = YES;
				IPHONEOS_DEPLOYMENT_TARGET = 15.5;
				MARKETING_VERSION = 1.0;
				PRODUCT_BUNDLE_IDENTIFIER = "test.--9-labTests";
				PRODUCT_NAME = "$(TARGET_NAME)";
				SWIFT_EMIT_LOC_STRINGS = NO;
				SWIFT_VERSION = 5.0;
				TARGETED_DEVICE_FAMILY = "1,2";
				TEST_HOST = "$(BUILT_PRODUCTS_DIR)/2.9 lab.app/2.9 lab";
			};
			name = Debug;
		};
		3E66292228C10B43007D055F /* Release */ = {
			isa = XCBuildConfiguration;
			buildSettings = {
				ALWAYS_EMBED_SWIFT_STANDARD_LIBRARIES = YES;
				BUNDLE_LOADER = "$(TEST_HOST)";
				CODE_SIGN_STYLE = Automatic;
				CURRENT_PROJECT_VERSION = 1;
				GENERATE_INFOPLIST_FILE = YES;
				IPHONEOS_DEPLOYMENT_TARGET = 15.5;
				MARKETING_VERSION = 1.0;
				PRODUCT_BUNDLE_IDENTIFIER = "test.--9-labTests";
				PRODUCT_NAME = "$(TARGET_NAME)";
				SWIFT_EMIT_LOC_STRINGS = NO;
				SWIFT_VERSION = 5.0;
				TARGETED_DEVICE_FAMILY = "1,2";
				TEST_HOST = "$(BUILT_PRODUCTS_DIR)/2.9 lab.app/2.9 lab";
			};
			name = Release;
		};
		3E66292428C10B43007D055F /* Debug */ = {
			isa = XCBuildConfiguration;
			buildSettings = {
				ALWAYS_EMBED_SWIFT_STANDARD_LIBRARIES = YES;
				CODE_SIGN_STYLE = Automatic;
				CURRENT_PROJECT_VERSION = 1;
				GENERATE_INFOPLIST_FILE = YES;
				MARKETING_VERSION = 1.0;
				PRODUCT_BUNDLE_IDENTIFIER = "test.--9-labUITests";
				PRODUCT_NAME = "$(TARGET_NAME)";
				SWIFT_EMIT_LOC_STRINGS = NO;
				SWIFT_VERSION = 5.0;
				TARGETED_DEVICE_FAMILY = "1,2";
				TEST_TARGET_NAME = "2.9 lab";
			};
			name = Debug;
		};
		3E66292528C10B43007D055F /* Release */ = {
			isa = XCBuildConfiguration;
			buildSettings = {
				ALWAYS_EMBED_SWIFT_STANDARD_LIBRARIES = YES;
				CODE_SIGN_STYLE = Automatic;
				CURRENT_PROJECT_VERSION = 1;
				GENERATE_INFOPLIST_FILE = YES;
				MARKETING_VERSION = 1.0;
				PRODUCT_BUNDLE_IDENTIFIER = "test.--9-labUITests";
				PRODUCT_NAME = "$(TARGET_NAME)";
				SWIFT_EMIT_LOC_STRINGS = NO;
				SWIFT_VERSION = 5.0;
				TARGETED_DEVICE_FAMILY = "1,2";
				TEST_TARGET_NAME = "2.9 lab";
			};
			name = Release;
		};
/* End XCBuildConfiguration section */

/* Begin XCConfigurationList section */
		3E6628EE28C10B41007D055F /* Build configuration list for PBXProject "2.9 lab" */ = {
			isa = XCConfigurationList;
			buildConfigurations = (
				3E66291B28C10B43007D055F /* Debug */,
				3E66291C28C10B43007D055F /* Release */,
			);
			defaultConfigurationIsVisible = 0;
			defaultConfigurationName = Release;
		};
		3E66291D28C10B43007D055F /* Build configuration list for PBXNativeTarget "2.9 lab" */ = {
			isa = XCConfigurationList;
			buildConfigurations = (
				3E66291E28C10B43007D055F /* Debug */,
				3E66291F28C10B43007D055F /* Release */,
			);
			defaultConfigurationIsVisible = 0;
			defaultConfigurationName = Release;
		};
		3E66292028C10B43007D055F /* Build configuration list for PBXNativeTarget "2.9 labTests" */ = {
			isa = XCConfigurationList;
			buildConfigurations = (
				3E66292128C10B43007D055F /* Debug */,
				3E66292228C10B43007D055F /* Release */,
			);
			defaultConfigurationIsVisible = 0;
			defaultConfigurationName = Release;
		};
		3E66292328C10B43007D055F /* Build configuration list for PBXNativeTarget "2.9 labUITests" */ = {
			isa = XCConfigurationList;
			buildConfigurations = (
				3E66292428C10B43007D055F /* Debug */,
				3E66292528C10B43007D055F /* Release */,
			);
			defaultConfigurationIsVisible = 0;
			defaultConfigurationName = Release;
		};
/* End XCConfigurationList section */
	};
	rootObject = 3E6628EB28C10B41007D055F /* Project object */;
}
